<?xml version="1.0" encoding="utf-8"?>
<Project ToolsVersion="4.0" xmlns="http://schemas.microsoft.com/developer/msbuild/2003">
  <ItemGroup>
    <Filter Include="Fichiers sources">
      <UniqueIdentifier>{4FC737F1-C7A5-4376-A066-2A32D752A2FF}</UniqueIdentifier>
      <Extensions>cpp;c;cc;cxx;c++;cppm;ixx;def;odl;idl;hpj;bat;asm;asmx</Extensions>
    </Filter>
    <Filter Include="Fichiers d'en-tête">
      <UniqueIdentifier>{93995380-89BD-4b04-88EB-625FBE52EBFB}</UniqueIdentifier>
      <Extensions>h;hh;hpp;hxx;h++;hm;inl;inc;ipp;xsd</Extensions>
    </Filter>
    <Filter Include="Fichiers de ressources">
      <UniqueIdentifier>{67DA6AB6-F800-4c08-8B7A-83BB121AAD01}</UniqueIdentifier>
      <Extensions>rc;ico;cur;bmp;dlg;rc2;rct;bin;rgs;gif;jpg;jpeg;jpe;resx;tiff;tif;png;wav;mfcribbon-ms</Extensions>
    </Filter>
    <Filter Include="Fichiers d'en-tête\ClasseUtilisationBDD">
      <UniqueIdentifier>{dce2ee47-9672-4fb6-8455-64a95dce2852}</UniqueIdentifier>
    </Filter>
    <Filter Include="Fichiers d'en-tête\ClasseUtilisationBDD\SousClasse">
      <UniqueIdentifier>{9a388b27-cdbf-4c20-a648-8980df1db683}</UniqueIdentifier>
    </Filter>
    <Filter Include="Fichiers d'en-tête\Interface HM">
      <UniqueIdentifier>{d6312143-072d-4849-b9f9-7082a2a05032}</UniqueIdentifier>
    </Filter>
    <Filter Include="Fichiers sources\DefClasse">
      <UniqueIdentifier>{50edd157-1541-467b-8e7b-565392d9b7db}</UniqueIdentifier>
    </Filter>
    <Filter Include="Fichiers sources\DefClasse\classeFille">
      <UniqueIdentifier>{ac86d26e-a214-4eaa-b102-14ddc77e3348}</UniqueIdentifier>
    </Filter>
  </ItemGroup>
  <ItemGroup>
    <ClCompile Include="AccesBDD.cpp">
      <Filter>Fichiers sources\DefClasse</Filter>
    </ClCompile>
    <ClCompile Include="Main.cpp">
      <Filter>Fichiers sources</Filter>
    </ClCompile>
    <ClCompile Include="Manager.cpp">
      <Filter>Fichiers sources\DefClasse</Filter>
    </ClCompile>
    <ClCompile Include="Article.cpp">
      <Filter>Fichiers sources\DefClasse\classeFille</Filter>
    </ClCompile>
    <ClCompile Include="Client.cpp">
      <Filter>Fichiers sources\DefClasse\classeFille</Filter>
    </ClCompile>
    <ClCompile Include="Commande.cpp">
      <Filter>Fichiers sources\DefClasse\classeFille</Filter>
    </ClCompile>
    <ClCompile Include="Personel.cpp">
      <Filter>Fichiers sources\DefClasse\classeFille</Filter>
    </ClCompile>
    <ClCompile Include="Accueil.cpp">
      <Filter>Fichiers sources</Filter>
    </ClCompile>
    <ClCompile Include="Statistique.cpp">
      <Filter>Fichiers sources</Filter>
    </ClCompile>
    <ClCompile Include="Interface.cpp">
      <Filter>Fichiers sources</Filter>
    </ClCompile>
    <ClCompile Include="Stat.cpp">
      <Filter>Fichiers sources</Filter>
    </ClCompile>
    <ClCompile Include="sousCommande.cpp">
      <Filter>Fichiers sources\DefClasse\classeFille</Filter>
    </ClCompile>
  </ItemGroup>
  <ItemGroup>
    <ClInclude Include="Manager.h">
      <Filter>Fichiers d'en-tête\ClasseUtilisationBDD</Filter>
    </ClInclude>
    <ClInclude Include="Article.h">
      <Filter>Fichiers d'en-tête\ClasseUtilisationBDD\SousClasse</Filter>
    </ClInclude>
    <ClInclude Include="Client.h">
      <Filter>Fichiers d'en-tête\ClasseUtilisationBDD\SousClasse</Filter>
    </ClInclude>
    <ClInclude Include="Commande.h">
      <Filter>Fichiers d'en-tête\ClasseUtilisationBDD\SousClasse</Filter>
    </ClInclude>
    <ClInclude Include="Personel.h">
      <Filter>Fichiers d'en-tête\ClasseUtilisationBDD\SousClasse</Filter>
    </ClInclude>
    <ClInclude Include="Main.h">
      <Filter>Fichiers d'en-tête</Filter>
    </ClInclude>
    <ClInclude Include="Accueil.h">
      <Filter>Fichiers d'en-tête\Interface HM</Filter>
    </ClInclude>
    <ClInclude Include="MyForm.h">
      <Filter>Fichiers d'en-tête\Interface HM</Filter>
    </ClInclude>
    <ClInclude Include="Statistique.h">
      <Filter>Fichiers d'en-tête\Interface HM</Filter>
    </ClInclude>
    <ClInclude Include="Personnel.h">
      <Filter>Fichiers d'en-tête\Interface HM</Filter>
    </ClInclude>
    <ClInclude Include="Stock1.h">
      <Filter>Fichiers d'en-tête\Interface HM</Filter>
    </ClInclude>
    <ClInclude Include="stats.h">
      <Filter>Fichiers d'en-tête</Filter>
    </ClInclude>
    <ClInclude Include="Interface.h">
      <Filter>Fichiers d%27en-tête</Filter>
    </ClInclude>
    <ClInclude Include="Stat.h">
      <Filter>Fichiers d%27en-tête</Filter>
    </ClInclude>
    <ClInclude Include="temp.h">
      <Filter>Fichiers d%27en-tête</Filter>
    </ClInclude>
    <ClInclude Include="sousCommande.h">
      <Filter>Fichiers d%27en-tête\ClasseUtilisationBDD\SousClasse</Filter>
    </ClInclude>
    <ClInclude Include="AccesBDD.h">
      <Filter>Fichiers d%27en-tête\ClasseUtilisationBDD</Filter>
    </ClInclude>
  </ItemGroup>
  <ItemGroup>
    <None Include="..\..\..\..\Desktop\sqlite.dll" />
    <None Include="..\..\..\..\Downloads\msodbcsql(1).msi">
      <Filter>Fichiers de ressources</Filter>
    </None>
  </ItemGroup>
</Project>